lockfileVersion: '9.0'

settings:
  autoInstallPeers: true
  excludeLinksFromLockfile: false

importers:

  .:
    dependencies:
      material-symbols:
        specifier: ^0.29.0
        version: 0.29.0

packages:

  material-symbols@0.29.0:
    resolution: {integrity: sha512-uxhDjVd3OcNZRpGtNTvpGDn8MJRc+VVF0e2EuV+jfXLUjs2wL/pVT7HxKeKrVaDTBA37wF4/z2jobs1l8mA7MQ==}

snapshots:

  material-symbols@0.29.0: {}
